{
  "requires": true,
  "lockfileVersion": 1,
  "dependencies": {
    "@angular/animations": {
      "version": "6.1.10",
      "resolved": "https://registry.npmjs.org/@angular/animations/-/animations-6.1.10.tgz",
      "integrity": "sha512-dd/lq7kw3uwfHPICan8psu2nthuUpp7PvMLuNIm0XxObZ4oNs0ls6uxKEDPnEkRKoGdiJpvmsyzZZN9ACMPEAA==",
      "requires": {
        "tslib": "^1.9.0"
      }
    },
    "@angular/common": {
      "version": "6.1.10",
      "resolved": "https://registry.npmjs.org/@angular/common/-/common-6.1.10.tgz",
      "integrity": "sha512-73xxTSYJNKfiJ7C1Ajg+sz5l8y+blb/vNgHYg7O3yem5zLBnfPpidJ1UGg4W4d2Y+jwUVJbZKh8SKJarqAJVUQ==",
      "requires": {
        "tslib": "^1.9.0"
      }
    },
    "@angular/compiler": {
      "version": "6.1.10",
      "resolved": "https://registry.npmjs.org/@angular/compiler/-/compiler-6.1.10.tgz",
      "integrity": "sha512-FPIb2j3zfoBwb6vo/u0gQeu70h8InGlSisBr3xMACs/35/pwB6kbQR+JQiUr0D7k6QApg7AuMkvq8aFNelg0aw==",
      "requires": {
        "tslib": "^1.9.0"
      }
    },
    "@angular/core": {
      "version": "6.1.10",
      "resolved": "https://registry.npmjs.org/@angular/core/-/core-6.1.10.tgz",
      "integrity": "sha512-61l3rIQTVdT45eOf6/fBJIeVmV10mcrxqS4N/1OWkuDT29YSJTZSxGcv8QjAyyutuhcqWWpO6gVRkN07rWmkPg==",
      "requires": {
        "tslib": "^1.9.0"
      }
    },
    "@angular/forms": {
      "version": "6.1.10",
      "resolved": "https://registry.npmjs.org/@angular/forms/-/forms-6.1.10.tgz",
      "integrity": "sha512-zAPx2kMV1/FbP5DrY472Sd/ze1m+GS6T5ullZCtP392r62p2RkwzDCXieR51YiRJjZj3M6c3AcRND7PWBdXT7A==",
      "requires": {
        "tslib": "^1.9.0"
      }
    },
    "@angular/http": {
      "version": "6.1.10",
      "resolved": "https://registry.npmjs.org/@angular/http/-/http-6.1.10.tgz",
      "integrity": "sha512-LDsSqyexh8fj23y+G2oSGLWSZVhbxBBo2ehYHnRgH/jlp0pmZVLRaGgUMNSCVtZc1rxLzpEjZjtw+P+qlutAtw==",
      "requires": {
        "tslib": "^1.9.0"
      }
    },
    "@angular/platform-browser": {
      "version": "6.1.10",
      "resolved": "https://registry.npmjs.org/@angular/platform-browser/-/platform-browser-6.1.10.tgz",
      "integrity": "sha512-CB7pqMwtgb7KjdHDAJlsXcs0rrU+2xQVaoOaqEfJtUrKhtGMLaZh8Qoic5l92SoGattkOw7SYarAOsWlAsVfvw==",
      "requires": {
        "tslib": "^1.9.0"
      }
    },
    "@angular/platform-browser-dynamic": {
      "version": "6.1.10",
      "resolved": "https://registry.npmjs.org/@angular/platform-browser-dynamic/-/platform-browser-dynamic-6.1.10.tgz",
      "integrity": "sha512-DmBSUyFPoyKqkmBXyJ2CrP1oXDioeoBlPA8lmWUDUv2yBuoHIzIkdY/OkTZbdyu/QYa1hK2Jl9OlfoeoenKddg==",
      "requires": {
        "tslib": "^1.9.0"
      }
    },
    "@angular/router": {
      "version": "6.1.10",
      "resolved": "https://registry.npmjs.org/@angular/router/-/router-6.1.10.tgz",
      "integrity": "sha512-tekI3dkdvd65oMoxjjgRA+16uDgPUBWHhYxids6pgO8vobZNtCo8VaVlcDyLUhdmtS5kONELx0iL5E2M0Y2Bag==",
      "requires": {
        "tslib": "^1.9.0"
      }
    },
    "ansi-styles": {
      "version": "3.2.1",
      "resolved": "https://registry.npmjs.org/ansi-styles/-/ansi-styles-3.2.1.tgz",
      "integrity": "sha1-QfuyAkPlCxK+DwS43tvwdSDOhB0=",
      "requires": {
        "color-convert": "^1.9.0"
      }
    },
    "ansy": {
      "version": "1.0.15",
      "resolved": "https://registry.npmjs.org/ansy/-/ansy-1.0.15.tgz",
      "integrity": "sha1-ORXILrcaqN3DdyHIxttm1Q1Ewgc=",
      "requires": {
        "ansi-styles": "^3.0.0",
        "custom-return": "^1.0.0",
        "supports-color": "^3.1.2",
        "ul": "^5.2.1"
      }
    },
    "array-parallel": {
      "version": "0.1.3",
      "resolved": "https://registry.npmjs.org/array-parallel/-/array-parallel-0.1.3.tgz",
      "integrity": "sha1-j3hTCJJu1apHjEfmTRszS2wMlH0="
    },
    "array-series": {
      "version": "0.1.5",
      "resolved": "https://registry.npmjs.org/array-series/-/array-series-0.1.5.tgz",
      "integrity": "sha1-3103v8XC7wdV4qpPkv6ufUtaly8="
    },
    "asciify-pixel": {
      "version": "1.2.14",
      "resolved": "https://registry.npmjs.org/asciify-pixel/-/asciify-pixel-1.2.14.tgz",
      "integrity": "sha1-teV1Eialn1o1oYs5NWjO29cXdAU=",
      "requires": {
        "couleurs": "^6.0.0",
        "deffy": "^2.2.1",
        "pixel-bg": "^1.0.0",
        "pixel-class": "^1.0.0",
        "pixel-white-bg": "^1.0.0",
        "ul": "^5.2.1"
      }
    },
    "asciify-pixel-matrix": {
      "version": "1.0.14",
      "resolved": "https://registry.npmjs.org/asciify-pixel-matrix/-/asciify-pixel-matrix-1.0.14.tgz",
      "integrity": "sha1-9IZO77x5LLxc73WSFrf7+7Gv/Wg=",
      "requires": {
        "asciify-pixel": "^1.0.0",
        "ul": "^5.2.1"
      }
    },
    "assured": {
      "version": "1.0.15",
      "resolved": "https://registry.npmjs.org/assured/-/assured-1.0.15.tgz",
      "integrity": "sha512-EVb4T+6m5VdlTJ6gbv4WjBM1rHfzXP2BspsQ6VLswcnIQSabjJy7A9YEuG4/KmfF+9OEuT5xhqVJ+V1tClD5ww==",
      "requires": {
        "noop6": "^1.0.1",
        "sliced": "^1.0.1"
      }
    },
    "cb-buffer": {
      "version": "2.1.9",
      "resolved": "https://registry.npmjs.org/cb-buffer/-/cb-buffer-2.1.9.tgz",
      "integrity": "sha512-cGPW0zPBLI++nx3iVhC4mkafh7/PsTpNPSLkH0mYs0vlyE3wsyRIP0Uiz4wEGWu0tjd+62kM1muZN6nXUXNRvQ=="
    },
    "color-convert": {
      "version": "1.9.3",
      "resolved": "https://registry.npmjs.org/color-convert/-/color-convert-1.9.3.tgz",
      "integrity": "sha1-u3GFBpDh8TZWfeYp0tVHHe2kweg=",
      "requires": {
        "color-name": "1.1.3"
      }
    },
    "color-name": {
      "version": "1.1.3",
      "resolved": "https://registry.npmjs.org/color-name/-/color-name-1.1.3.tgz",
      "integrity": "sha1-p9BVi9icQveV3UIyj3QIMcpTvCU="
    },
    "compute-size": {
      "version": "1.0.13",
      "resolved": "https://registry.npmjs.org/compute-size/-/compute-size-1.0.13.tgz",
      "integrity": "sha1-r+LYJDYxnHGRLt+/sT9sKiMIqB0=",
      "requires": {
        "fixed-or-percent": "^1.0.0",
        "map-o": "^2.0.1",
        "ul": "^5.2.1"
      }
    },
    "core-js": {
      "version": "2.6.12",
      "resolved": "https://registry.npmjs.org/core-js/-/core-js-2.6.12.tgz",
      "integrity": "sha512-Kb2wC0fvsWfQrgk8HU5lW6U/Lcs8+9aaYcy4ZFc6DDlo4nZ7n70dEgE5rtR0oG6ufKDUnrwfWL1mXR5ljDatrQ=="
    },
    "couleurs": {
      "version": "6.0.11",
      "resolved": "https://registry.npmjs.org/couleurs/-/couleurs-6.0.11.tgz",
      "integrity": "sha1-FaqDjLpd8wNsAaHHgtQMqe1H5IA=",
      "requires": {
        "ansy": "^1.0.0",
        "color-convert": "^1.0.0",
        "iterate-object": "^1.3.1",
        "typpy": "^2.3.1"
      }
    },
    "custom-return": {
      "version": "1.0.12",
      "resolved": "https://registry.npmjs.org/custom-return/-/custom-return-1.0.12.tgz",
      "integrity": "sha1-NxvNofS6pjzZjADhay1lI7obdB4=",
      "requires": {
        "noop6": "^1.0.0"
      }
    },
    "debug": {
      "version": "3.2.7",
      "resolved": "https://registry.npmjs.org/debug/-/debug-3.2.7.tgz",
      "integrity": "sha512-CFjzYYAi4ThfiQvizrFQevTTXHtnCqWfe7x1AhgEscTz6ZbLbfoLRLPugTQyBth6f8ZERVUSyWHFD/7Wu4t1XQ==",
      "requires": {
        "ms": "^2.1.1"
      }
    },
    "deffy": {
      "version": "2.2.4",
      "resolved": "https://registry.npmjs.org/deffy/-/deffy-2.2.4.tgz",
      "integrity": "sha512-pLc9lsbsWjr6RxmJ2OLyvm+9l4j1yK69h+TML/gUit/t3vTijpkNGh8LioaJYTGO7F25m6HZndADcUOo2PsiUg==",
      "requires": {
        "typpy": "^2.0.0"
      }
    },
    "err": {
      "version": "1.1.1",
      "resolved": "https://registry.npmjs.org/err/-/err-1.1.1.tgz",
      "integrity": "sha1-65KOLhGjFmSPeCgz0PlyWLpDwvg=",
      "requires": {
        "typpy": "^2.2.0"
      }
    },
    "fixed-or-percent": {
      "version": "1.0.12",
      "resolved": "https://registry.npmjs.org/fixed-or-percent/-/fixed-or-percent-1.0.12.tgz",
      "integrity": "sha1-/kHm1brJMkxLQ9dCVBCahyglxuI=",
      "requires": {
        "is-percent": "^1.0.1",
        "percent-value": "^1.0.0"
      }
    },
    "follow-redirects": {
      "version": "1.13.0",
      "resolved": "https://registry.npmjs.org/follow-redirects/-/follow-redirects-1.13.0.tgz",
      "integrity": "sha512-aq6gF1BEKje4a9i9+5jimNFIpq4Q1WiwBToeRK5NvZBd/TRsmW8BsJfOEGkr76TbOyPVD3OVDN910EcUNtRYEA=="
    },
    "function.name": {
      "version": "1.0.13",
      "resolved": "https://registry.npmjs.org/function.name/-/function.name-1.0.13.tgz",
      "integrity": "sha512-mVrqdoy5npWZyoXl4DxCeuVF6delDcQjVS9aPdvLYlBxtMTZDR2B5GVEQEoM1jJyspCqg3C0v4ABkLE7tp9xFA==",
      "requires": {
        "noop6": "^1.0.1"
      }
    },
    "gm": {
      "version": "1.23.1",
      "resolved": "https://registry.npmjs.org/gm/-/gm-1.23.1.tgz",
      "integrity": "sha1-Lt7rlYCE0PjqeYjl2ZWxx9/BR3c=",
      "requires": {
        "array-parallel": "~0.1.3",
        "array-series": "~0.1.5",
        "cross-spawn": "^4.0.0",
        "debug": "^3.1.0"
      },
      "dependencies": {
        "cross-spawn": {
          "version": "4.0.2",
          "resolved": "https://registry.npmjs.org/cross-spawn/-/cross-spawn-4.0.2.tgz",
          "integrity": "sha1-e5JHYhwjrf3ThWAEqCPL45dCTUE=",
          "requires": {
            "lru-cache": "^4.0.1",
            "which": "^1.2.9"
          }
        }
      }
    },
    "gm-installed": {
      "version": "1.0.10",
      "resolved": "https://registry.npmjs.org/gm-installed/-/gm-installed-1.0.10.tgz",
      "integrity": "sha1-OAZEMpNXZKrMOuYxZRkzVRFSyfA=",
      "requires": {
        "prgm-installed": "^1.0.1"
      },
      "dependencies": {
        "prgm-installed": {
          "version": "1.0.11",
          "resolved": "https://registry.npmjs.org/prgm-installed/-/prgm-installed-1.0.11.tgz",
          "integrity": "sha1-7e5/HdHt7Dn2+8pebu+j0HQHB0k=",
          "requires": {
            "which": "^1.2.4"
          }
        }
      }
    },
    "gm-tools": {
      "version": "1.0.12",
      "resolved": "https://registry.npmjs.org/gm-tools/-/gm-tools-1.0.12.tgz",
      "integrity": "sha512-7LKCMGiAQkmyeCoABd+2VzZHF5aLpFZlWzyhApP9cmRREQ/HHBb9N04O97G1CY1Bbc8+qTl8Y80GcUsJK9vImQ==",
      "requires": {
        "gm": "^1.23.1",
        "iterate-object": "^1.3.1",
        "pixel-class": "^1.0.0",
        "pngjs": "^2.2.0",
        "same-time": "^2.3.1"
      }
    },
    "has-flag": {
      "version": "1.0.0",
      "resolved": "https://registry.npmjs.org/has-flag/-/has-flag-1.0.0.tgz",
      "integrity": "sha1-nZ55MWXOAXoA8AQYxD+UKnsdEfo="
    },
    "image-parser": {
      "version": "1.2.8",
      "resolved": "https://registry.npmjs.org/image-parser/-/image-parser-1.2.8.tgz",
      "integrity": "sha512-kOh01EC1ltKgnVgXdUsZJgjBhSOCLpgVh5TnNcQ5wJFZxi0J7XA0c+mjvMoKHN/sj69qmU4Y+UqRExkYtU6sFA==",
      "requires": {
        "cb-buffer": "^2.0.0",
        "err": "^1.1.1",
        "gm-tools": "^1.0.0",
        "lwipify": "^2.0.0",
        "noop6": "^1.0.4",
        "pixel-class": "^1.0.0"
      }
    },
    "image-to-ascii": {
      "version": "3.0.13",
      "resolved": "https://registry.npmjs.org/image-to-ascii/-/image-to-ascii-3.0.13.tgz",
      "integrity": "sha512-rb8DgzWJ1FpA01PyU8832aapR7sVXuyPk+5fYKKQAxEosJebGULjCk37TSv9Qvrfdbk4AnRGB+HP8MsKaCOTRw==",
      "requires": {
        "asciify-pixel-matrix": "^1.0.0",
        "compute-size": "^1.0.1",
        "image-parser": "^1.0.0",
        "imgpx": "^1.0.2",
        "one-by-one": "^3.1.0",
        "terminal-char-width": "^1.0.0",
        "ul": "^5.2.1"
      }
    },
    "imgpx": {
      "version": "1.0.13",
      "resolved": "https://registry.npmjs.org/imgpx/-/imgpx-1.0.13.tgz",
      "integrity": "sha512-TkSfwp2a8ZZt7lIk4HgMBY+PjIjoh0Ggrr37R6KjF+D8RXq2FFNfGUhKuAicg7G9bF83oQGeN/Yz/GFepWHxVA==",
      "requires": {
        "lwip-pixels": "^1.0.0",
        "lwipify": "^2.0.0"
      }
    },
    "is-percent": {
      "version": "1.0.12",
      "resolved": "https://registry.npmjs.org/is-percent/-/is-percent-1.0.12.tgz",
      "integrity": "sha1-N0M0TfVQkfSqMOdalM7YhJrXVlw=",
      "requires": {
        "last-char": "^1.3.1"
      }
    },
    "is-ssh": {
      "version": "1.3.2",
      "resolved": "https://registry.npmjs.org/is-ssh/-/is-ssh-1.3.2.tgz",
      "integrity": "sha512-elEw0/0c2UscLrNG+OAorbP539E3rhliKPg+hDMWN9VwrDXfYK+4PBEykDPfxlYYtQvl84TascnQyobfQLHEhQ==",
      "requires": {
        "protocols": "^1.1.0"
      }
    },
    "is-windows": {
      "version": "0.1.1",
      "resolved": "https://registry.npmjs.org/is-windows/-/is-windows-0.1.1.tgz",
      "integrity": "sha1-vjEHFUMc+rzMVKs5USEPoLbQGr4="
    },
    "isexe": {
      "version": "2.0.0",
      "resolved": "https://registry.npmjs.org/isexe/-/isexe-2.0.0.tgz",
      "integrity": "sha1-6PvzdNxVb/iUehDcsFctYz8s+hA="
    },
    "iterate-object": {
      "version": "1.3.4",
      "resolved": "https://registry.npmjs.org/iterate-object/-/iterate-object-1.3.4.tgz",
      "integrity": "sha512-4dG1D1x/7g8PwHS9aK6QV5V94+ZvyP4+d19qDv43EzImmrndysIl4prmJ1hWWIGCqrZHyaHBm6BSEWHOLnpoNw=="
    },
    "last-char": {
      "version": "1.3.11",
      "resolved": "https://registry.npmjs.org/last-char/-/last-char-1.3.11.tgz",
      "integrity": "sha1-RIsBTpb5epJ0u2FsB9QpLiBMikQ="
    },
    "lru-cache": {
      "version": "4.1.5",
      "resolved": "https://registry.npmjs.org/lru-cache/-/lru-cache-4.1.5.tgz",
      "integrity": "sha512-sWZlbEP2OsHNkXrMl5GYk/jKk70MBng6UU4YI/qGDYbgf6YbP4EvmqISbXCoJiRKs+1bSpFHVgQxvJ17F2li5g==",
      "requires": {
        "pseudomap": "^1.0.2",
        "yallist": "^2.1.2"
      }
    },
    "lwip-pixels": {
      "version": "1.1.10",
      "resolved": "https://registry.npmjs.org/lwip-pixels/-/lwip-pixels-1.1.10.tgz",
      "integrity": "sha512-l71xSA39c1VF/Df3CKR2aTVK4G69FRFLjO+b0JhmsjraYLBydVy4utWUpKVG2ZnwIdr6tan9zZ5UrP1zKfCcIg==",
      "requires": {
        "pixel-class": "^1.0.0"
      }
    },
    "lwip2": {
      "version": "1.0.15",
      "resolved": "https://registry.npmjs.org/lwip2/-/lwip2-1.0.15.tgz",
      "integrity": "sha1-zTPf6ghkuZRfyPUR5GgEbuYgpWs=",
      "requires": {
        "err": "^1.1.1",
        "gm-installed": "^1.0.0"
      },
      "dependencies": {
        "async": {
          "version": "2.6.3",
          "resolved": "https://registry.npmjs.org/async/-/async-2.6.3.tgz",
          "integrity": "sha1-1yYl4jRKNlbjo61Pp0n6gymdgv8=",
          "requires": {
            "lodash": "^4.17.14"
          }
        },
        "bindings": {
          "version": "1.5.0",
          "resolved": "https://registry.npmjs.org/bindings/-/bindings-1.5.0.tgz",
          "integrity": "sha1-EDU8npRTNLwFEabZCzj7x8nFBN8=",
          "requires": {
            "file-uri-to-path": "1.0.0"
          }
        },
        "decree": {
          "version": "0.0.6",
          "resolved": "https://registry.npmjs.org/decree/-/decree-0.0.6.tgz",
          "integrity": "sha1-R+/vDtYA1ybqhkA0XcSWHQ+lTN0=",
          "requires": {
            "lodash-node": "^2.4.1"
          }
        },
        "file-uri-to-path": {
          "version": "1.0.0",
          "resolved": "https://registry.npmjs.org/file-uri-to-path/-/file-uri-to-path-1.0.0.tgz",
          "integrity": "sha1-VTp7hEb/b2hDWcRF8eN6BdrMM90="
        },
        "lodash": {
          "version": "4.17.20",
          "resolved": "https://registry.npmjs.org/lodash/-/lodash-4.17.20.tgz",
          "integrity": "sha1-tEqbYpe8tpjxxRo1RaKzs2jVnFI="
        },
        "lodash-node": {
          "version": "2.4.1",
          "resolved": "https://registry.npmjs.org/lodash-node/-/lodash-node-2.4.1.tgz",
          "integrity": "sha1-6oL3sQDHM9GkKvdoAeUGEF4qgOw="
        },
        "lwip": {
          "version": "0.0.9",
          "resolved": "https://registry.npmjs.org/lwip/-/lwip-0.0.9.tgz",
          "integrity": "sha1-KLQWmDXSfKKTJedf0biDrje1D8w=",
          "requires": {
            "async": "^2.0.0-rc.5",
            "bindings": "^1.2.1",
            "decree": "0.0.6",
            "nan": "^2.3.2"
          }
        },
        "nan": {
          "version": "2.14.2",
          "resolved": "https://registry.npmjs.org/nan/-/nan-2.14.2.tgz",
          "integrity": "sha1-9TdkAGlRaPTMaUrJOT0MlYXu6hk="
        }
      }
    },
    "lwipify": {
      "version": "2.0.13",
      "resolved": "https://registry.npmjs.org/lwipify/-/lwipify-2.0.13.tgz",
      "integrity": "sha512-x8NfMa/Eo6FN3u61lngaPNYAj+4qj5vICyda+Z/BV62agagh4mgI9lLuDGaQSo99Z8hkAbzoSyibSVPSGDFIsw==",
      "requires": {
        "lwip2": "^1.0.0",
        "noop6": "^1.0.1",
        "tinyreq": "^3.1.4",
        "url-remote": "^1.1.0"
      }
    },
    "map-o": {
      "version": "2.0.10",
      "resolved": "https://registry.npmjs.org/map-o/-/map-o-2.0.10.tgz",
      "integrity": "sha1-tlanXOrZOak2wzj7XfjJ1V8NuyM=",
      "requires": {
        "iterate-object": "^1.3.0"
      }
    },
    "ms": {
      "version": "2.1.2",
      "resolved": "https://registry.npmjs.org/ms/-/ms-2.1.2.tgz",
      "integrity": "sha512-sGkPx+VjMtmA6MX27oA4FBFELFCZZ4S4XqeGOXCv68tT+jb3vk/RyaKWP0PTKyWtmLSM0b+adUTEvbs1PEaH2w=="
    },
    "noop6": {
      "version": "1.0.9",
      "resolved": "https://registry.npmjs.org/noop6/-/noop6-1.0.9.tgz",
      "integrity": "sha512-DB3Hwyd89dPr5HqEPg3YHjzvwh/mCqizC1zZ8vyofqc+TQRyPDnT4wgXXbLGF4z9YAzwwTLi8pNLhGqcbSjgkA=="
    },
    "obj-def": {
      "version": "1.0.8",
      "resolved": "https://registry.npmjs.org/obj-def/-/obj-def-1.0.8.tgz",
      "integrity": "sha1-uAQpJHBfdK0JSdKVj3HGvGJdmF4=",
      "requires": {
        "deffy": "^2.2.2"
      }
    },
    "one-by-one": {
      "version": "3.2.8",
      "resolved": "https://registry.npmjs.org/one-by-one/-/one-by-one-3.2.8.tgz",
      "integrity": "sha1-klSvohDoFruymOKt30xikn2PXm0=",
      "requires": {
        "obj-def": "^1.0.0",
        "sliced": "^1.0.1"
      }
    },
    "parse-url": {
      "version": "1.3.11",
      "resolved": "https://registry.npmjs.org/parse-url/-/parse-url-1.3.11.tgz",
      "integrity": "sha1-V8FUKKuKiSsfQ4aWRccR0OFEtVQ=",
      "requires": {
        "is-ssh": "^1.3.0",
        "protocols": "^1.4.0"
      }
    },
    "percent-value": {
      "version": "1.0.9",
      "resolved": "https://registry.npmjs.org/percent-value/-/percent-value-1.0.9.tgz",
      "integrity": "sha1-vP8D0vipTjWDIXSksjpZS/t3agc="
    },
    "pixel-bg": {
      "version": "1.0.10",
      "resolved": "https://registry.npmjs.org/pixel-bg/-/pixel-bg-1.0.10.tgz",
      "integrity": "sha1-eg0bVwerkzO8nByhlUbp0OxOT1Y=",
      "requires": {
        "pixel-class": "^1.0.0"
      }
    },
    "pixel-class": {
      "version": "1.0.9",
      "resolved": "https://registry.npmjs.org/pixel-class/-/pixel-class-1.0.9.tgz",
      "integrity": "sha512-AAf8MJe3O/wa76ptHtU9Q1JNNizUHro++o2AeRR1XyS1EPX+xjLTPjVDlLToTDCPFrOJgyOyK5TNgCPbSCl4gg==",
      "requires": {
        "deffy": "^2.2.1"
      }
    },
    "pixel-white-bg": {
      "version": "1.0.9",
      "resolved": "https://registry.npmjs.org/pixel-white-bg/-/pixel-white-bg-1.0.9.tgz",
      "integrity": "sha1-kw3s1FWr+YQec4Wtn03HeuX6XXg=",
      "requires": {
        "pixel-bg": "^1.0.0"
      }
    },
    "pngjs": {
      "version": "2.3.1",
      "resolved": "https://registry.npmjs.org/pngjs/-/pngjs-2.3.1.tgz",
      "integrity": "sha1-EdHhK5y2TWPjDBQ6Mw9MH1Z9qF8="
    },
    "profile-image-analyzer": {
      "version": "1.1.2",
      "resolved": "https://registry.npmjs.org/profile-image-analyzer/-/profile-image-analyzer-1.1.2.tgz",
      "integrity": "sha512-E8npg15/6IEq5wl2D/gqLGN1NIfR8qocl3PYKQXCA2YJkIFp9QrVza4lTIAdHt0U6xorYuRfUPois223OUUI9g==",
      "requires": {
        "@angular/animations": "^6.1.0",
        "@angular/common": "^6.1.0",
        "@angular/compiler": "^6.1.0",
        "@angular/core": "^6.1.0",
        "@angular/forms": "^6.1.0",
        "@angular/http": "^6.1.0",
        "@angular/platform-browser": "^6.1.0",
        "@angular/platform-browser-dynamic": "^6.1.0",
        "@angular/router": "^6.1.0",
        "core-js": "^2.5.4",
        "rxjs": "^6.0.0",
        "zone.js": "~0.8.26"
      }
    },
    "protocols": {
      "version": "1.4.8",
      "resolved": "https://registry.npmjs.org/protocols/-/protocols-1.4.8.tgz",
      "integrity": "sha512-IgjKyaUSjsROSO8/D49Ab7hP8mJgTYcqApOqdPhLoPxAplXmkp+zRvsrSQjFn5by0rhm4VH0GAUELIPpx7B1yg=="
    },
    "pseudomap": {
      "version": "1.0.2",
      "resolved": "https://registry.npmjs.org/pseudomap/-/pseudomap-1.0.2.tgz",
      "integrity": "sha1-8FKijacOYYkX7wqKw0wa5aaChrM="
    },
    "rxjs": {
      "version": "6.6.3",
      "resolved": "https://registry.npmjs.org/rxjs/-/rxjs-6.6.3.tgz",
      "integrity": "sha512-trsQc+xYYXZ3urjOiJOuCOa5N3jAZ3eiSpQB5hIT8zGlL2QfnHLJ2r7GMkBGuIausdJN1OneaI6gQlsqNHHmZQ==",
      "requires": {
        "tslib": "^1.9.0"
      }
    },
    "same-time": {
      "version": "2.3.5",
      "resolved": "https://registry.npmjs.org/same-time/-/same-time-2.3.5.tgz",
      "integrity": "sha512-SnVw4CihgrwwcZs38vqW1890OwilOQPnath+kQCX7Un+PfcjR52rThxPfuNpNEd3UrphL22/SleM7hcbiaJu1A==",
      "requires": {
        "deffy": "2.0.0"
      },
      "dependencies": {
        "deffy": {
          "version": "2.0.0",
          "resolved": "https://registry.npmjs.org/deffy/-/deffy-2.0.0.tgz",
          "integrity": "sha1-+C4I7qUYxKCjCx8D7FBNJIryiTI=",
          "requires": {
            "typpy": "^2.0.0"
          }
        }
      }
    },
    "sliced": {
      "version": "1.0.1",
      "resolved": "https://registry.npmjs.org/sliced/-/sliced-1.0.1.tgz",
      "integrity": "sha1-CzpmK10Ewxd7GSa+qCsD+Dei70E="
    },
    "supports-color": {
      "version": "3.2.3",
      "resolved": "https://registry.npmjs.org/supports-color/-/supports-color-3.2.3.tgz",
      "integrity": "sha1-ZawFBLOVQXHYpklGsq48u4pfVPY=",
      "requires": {
        "has-flag": "^1.0.0"
      }
    },
    "terminal-char-width": {
      "version": "1.0.10",
      "resolved": "https://registry.npmjs.org/terminal-char-width/-/terminal-char-width-1.0.10.tgz",
      "integrity": "sha1-TSR086WNp3JRy0rckJj/91KbsFg=",
      "requires": {
        "is-windows": "^0.1.1"
      }
    },
    "tinyreq": {
      "version": "3.4.2",
      "resolved": "https://registry.npmjs.org/tinyreq/-/tinyreq-3.4.2.tgz",
      "integrity": "sha512-VHl9n2w2t1HD9ftvbmYMA99g/yeioIRhpxT5cazb/jo2Vld5ZtPEVW4PhBFgNXjdL2ch8j6z0cawDCF7eIFZsQ==",
      "requires": {
        "assured": "^1.0.12",
        "follow-redirects": "^1.4.1",
        "noop6": "^1.0.7",
        "ul": "^5.2.13"
      }
    },
    "tslib": {
      "version": "1.14.1",
      "resolved": "https://registry.npmjs.org/tslib/-/tslib-1.14.1.tgz",
      "integrity": "sha512-Xni35NKzjgMrwevysHTCArtLDpPvye8zV/0E4EyYn43P7/7qvQwPh9BGkHewbMulVntbigmcT7rdX3BNo9wRJg=="
    },
    "typpy": {
      "version": "2.3.12",
      "resolved": "https://registry.npmjs.org/typpy/-/typpy-2.3.12.tgz",
      "integrity": "sha512-VginyZYxadNyFnB763lvFGNUqsIRtJt2V33pLfdnjRreObbKaxexUC+39EVb3MavWU9ggekvT1ojEU0kvtumfA==",
      "requires": {
        "function.name": "^1.0.3"
      }
    },
    "ul": {
      "version": "5.2.15",
      "resolved": "https://registry.npmjs.org/ul/-/ul-5.2.15.tgz",
      "integrity": "sha512-svLEUy8xSCip5IWnsRa0UOg+2zP0Wsj4qlbjTmX6GJSmvKMHADBuHOm1dpNkWqWPIGuVSqzUkV3Cris5JrlTRQ==",
      "requires": {
        "deffy": "^2.2.2",
        "typpy": "^2.3.4"
      }
    },
    "url-local": {
      "version": "1.1.9",
      "resolved": "https://registry.npmjs.org/url-local/-/url-local-1.1.9.tgz",
      "integrity": "sha512-4SmavOiTqOPjGCkR06kTANhpDfiWDgXWrsjUiygk2lJiEiAa9DL6I6+YwPAKG1ex0XEAkSarl4UnLpPe+cuifA==",
      "requires": {
        "parse-url": "^1.3.0"
      }
    },
    "url-remote": {
      "version": "1.1.9",
      "resolved": "https://registry.npmjs.org/url-remote/-/url-remote-1.1.9.tgz",
      "integrity": "sha512-pfMfB7yR0bMTx+9XXOXpRix9dEdfrnPA/R2GgdHYnJLeO4RqgxtbKQpFYGBVIXfmFUh/x2ceYxgi9BgUE5tKNA==",
      "requires": {
        "url-local": "^1.0.1"
      }
    },
    "which": {
      "version": "1.3.1",
      "resolved": "https://registry.npmjs.org/which/-/which-1.3.1.tgz",
      "integrity": "sha512-HxJdYWq1MTIQbJ3nw0cqssHoTNU267KlrDuGZ1WYlxDStUtKUhOaJmh112/TZmHxxUfuJqPXSOm7tDyas0OSIQ==",
      "requires": {
        "isexe": "^2.0.0"
      }
    },
    "xmlhttprequest": {
      "version": "1.8.0",
      "resolved": "https://registry.npmjs.org/xmlhttprequest/-/xmlhttprequest-1.8.0.tgz",
      "integrity": "sha1-Z/4HXFwk/vOfnWX197f+dRcZaPw="
    },
    "yallist": {
      "version": "2.1.2",
      "resolved": "https://registry.npmjs.org/yallist/-/yallist-2.1.2.tgz",
      "integrity": "sha1-HBH5IY8HYImkfdUS+TxmmaaoHVI="
    },
    "zone.js": {
      "version": "0.8.29",
      "resolved": "https://registry.npmjs.org/zone.js/-/zone.js-0.8.29.tgz",
      "integrity": "sha512-mla2acNCMkWXBD+c+yeUrBUrzOxYMNFdQ6FGfigGGtEVBPJx07BQeJekjt9DmH1FtZek4E9rE1eRR9qQpxACOQ=="
    }
  }
}
